
Microsoft Visual Studio Solution File, Format Version 12.00
# Visual Studio Version 17
VisualStudioVersion = 17.13.35825.156
MinimumVisualStudioVersion = 10.0.40219.1
Project("{2150E333-8FDC-42A3-9474-1A3956D46DE8}") = "Chapter01", "Chapter01", "{DDB4EF12-CC4E-5E88-E6FC-71A802F4DE97}"
EndProject
Project("{FAE04EC0-301F-11D3-BF4B-00C04F79EFBC}") = "ProductSample", "Chapter01\ProductSample\ProductSample.csproj", "{07511E59-9C06-4D89-804D-DB264124BBDD}"
EndProject
Project("{2150E333-8FDC-42A3-9474-1A3956D46DE8}") = "chapter02", "chapter02", "{3D4D32A8-BC77-4952-9EE9-32188DF4AE76}"
EndProject
Project("{FAE04EC0-301F-11D3-BF4B-00C04F79EFBC}") = "DistanceConverter", "Chapter02\DistanceConverter\DistanceConverter.csproj", "{00774E53-5EA0-4F96-909E-D1CA46D7355E}"
EndProject
Project("{2150E333-8FDC-42A3-9474-1A3956D46DE8}") = "演習問題", "演習問題", "{1331CC5F-4065-467B-B614-095BAAFED0EC}"
EndProject
Project("{FAE04EC0-301F-11D3-BF4B-00C04F79EFBC}") = "Exercise02", "Chapter02\演習問題\Exercise02\Exercise02.csproj", "{DA3EA9C5-49B7-4558-B9E4-FA445690CDA0}"
EndProject
Project("{FAE04EC0-301F-11D3-BF4B-00C04F79EFBC}") = "YardConverter", "Chapter02\演習問題\YardConverter\YardConverter\YardConverter.csproj", "{370B2C65-0A66-49E0-8ABC-25CAF368C5E7}"
EndProject
Project("{2150E333-8FDC-42A3-9474-1A3956D46DE8}") = "距離換算プログラム", "距離換算プログラム", "{28F8D206-1353-46B0-84E8-31219ECC813F}"
EndProject
Project("{2150E333-8FDC-42A3-9474-1A3956D46DE8}") = "FormApps", "FormApps", "{1B249153-57CF-4CC3-9DEE-43FCDDFF2805}"
EndProject
Project("{FAE04EC0-301F-11D3-BF4B-00C04F79EFBC}") = "UnitConverter", "FormApps\UnitConverter\UnitConverter.csproj", "{0A38FF10-D0E1-4931-918A-2ED69B64B680}"
EndProject
Project("{FAE04EC0-301F-11D3-BF4B-00C04F79EFBC}") = "StopWatch", "FormApps\StopWatch\StopWatch.csproj", "{CCA1E81A-1D69-402A-BD4E-DC66E10C5966}"
EndProject
Project("{2150E333-8FDC-42A3-9474-1A3956D46DE8}") = "売り上げ集計プログラム", "売り上げ集計プログラム", "{34EE4CF9-E01B-4511-BFDD-F8EADDCF69C4}"
EndProject
Project("{FAE04EC0-301F-11D3-BF4B-00C04F79EFBC}") = "SalesCalculator", "Chapter02\SalesCalculator\SalesCalculator.csproj", "{C73EEFF0-BB6F-44A1-BD2F-A0001E8E8054}"
EndProject
Project("{FAE04EC0-301F-11D3-BF4B-00C04F79EFBC}") = "Exercise01", "Chapter02\演習問題\Exercise01\Exercise01.csproj", "{B70EF448-844C-4BD8-AD39-C425B554AB7E}"
EndProject
Project("{2150E333-8FDC-42A3-9474-1A3956D46DE8}") = "chapter03", "chapter03", "{5FBCE403-BA59-4DC0-8E96-40329CDB4259}"
EndProject
Project("{FAE04EC0-301F-11D3-BF4B-00C04F79EFBC}") = "Section01", "Chapter03\Section01\Section01.csproj", "{E08B4644-602C-42F3-AFD8-E2D214F5905F}"
EndProject
Project("{2150E333-8FDC-42A3-9474-1A3956D46DE8}") = "演習問題", "演習問題", "{A54D696B-1D9E-46A2-98BD-C4F2281A4B9B}"
EndProject
Project("{FAE04EC0-301F-11D3-BF4B-00C04F79EFBC}") = "Exercise02", "Chapter03\演習問題\Exercise02\Exercise02.csproj", "{274BA6B7-1740-4B40-9A8B-BD044AE5B7CB}"
EndProject
Project("{FAE04EC0-301F-11D3-BF4B-00C04F79EFBC}") = "Section04", "Chapter03\Section04\Section04.csproj", "{B8758182-0A06-4D46-BB1C-959B52D42839}"
EndProject
Project("{FAE04EC0-301F-11D3-BF4B-00C04F79EFBC}") = "Exercise01", "Chapter03\演習問題\Exercise01\Exercise01.csproj", "{258C46A4-A9BE-4179-A57A-69F5EBD43623}"
EndProject
Project("{2150E333-8FDC-42A3-9474-1A3956D46DE8}") = "Chapter04", "Chapter04", "{A3C8B697-1517-4198-8BEF-D3BF9108EC83}"
EndProject
Project("{FAE04EC0-301F-11D3-BF4B-00C04F79EFBC}") = "Section04", "Chapter04\Section04\Section04.csproj", "{30AF2CD1-BB2A-44E0-91E8-3948F8551A1C}"
EndProject
Project("{2150E333-8FDC-42A3-9474-1A3956D46DE8}") = "演習問題", "演習問題", "{F13F85D6-8E14-4CFD-8D5D-996439EA6ED2}"
EndProject
Project("{FAE04EC0-301F-11D3-BF4B-00C04F79EFBC}") = "Exercise04", "Chapter04\演習問題\Exercise04\Exercise04.csproj", "{143E4977-E052-46AD-AA65-486347A34936}"
EndProject
Project("{FAE04EC0-301F-11D3-BF4B-00C04F79EFBC}") = "Exercise02", "Chapter04\演習問題\Exercise02\Exercise02.csproj", "{2AEC021F-5307-471F-9BE4-5F40288C4565}"
EndProject
Project("{2150E333-8FDC-42A3-9474-1A3956D46DE8}") = "LINQ", "LINQ", "{2DF8221F-00D8-4CFB-9A02-FA28BD4DDB69}"
EndProject
Project("{FAE04EC0-301F-11D3-BF4B-00C04F79EFBC}") = "LINQSample", "LINQ\LINQSample\LINQSample.csproj", "{90B6CFB1-6783-4531-94B6-E77B09F424B3}"
EndProject
Project("{2150E333-8FDC-42A3-9474-1A3956D46DE8}") = "Chapter07", "Chapter07", "{8DE27799-5AB0-4539-A278-2F224C142868}"
EndProject
Project("{2150E333-8FDC-42A3-9474-1A3956D46DE8}") = "演習問題", "演習問題", "{8D396357-2FBF-4500-BEA8-D6D39D1F9828}"
EndProject
Project("{FAE04EC0-301F-11D3-BF4B-00C04F79EFBC}") = "Exercise01", "Chapter07\演習問題\Exercise01\Exercise01.csproj", "{644F1182-768E-42EF-A815-9A713E9DC5A9}"
EndProject
Project("{FAE04EC0-301F-11D3-BF4B-00C04F79EFBC}") = "Section01", "Chapter07\Section01\Section01\Section01.csproj", "{AF773A84-D190-4E0A-905A-AB9B62570CA0}"
EndProject
Project("{FAE04EC0-301F-11D3-BF4B-00C04F79EFBC}") = "Section05", "Chapter07\Section05\Section05.csproj", "{CB8DC7F2-FEC1-4414-A79B-E2E4ACF5ED59}"
EndProject
Project("{FAE04EC0-301F-11D3-BF4B-00C04F79EFBC}") = "Exercise02", "Chapter07\演習問題\Exercise02\Exercise02.csproj", "{0CE96C8B-026B-4B45-9588-4A6E47717979}"
EndProject
Global
	GlobalSection(SolutionConfigurationPlatforms) = preSolution
		Debug|Any CPU = Debug|Any CPU
		Release|Any CPU = Release|Any CPU
	EndGlobalSection
	GlobalSection(ProjectConfigurationPlatforms) = postSolution
		{07511E59-9C06-4D89-804D-DB264124BBDD}.Debug|Any CPU.ActiveCfg = Debug|Any CPU
		{07511E59-9C06-4D89-804D-DB264124BBDD}.Debug|Any CPU.Build.0 = Debug|Any CPU
		{07511E59-9C06-4D89-804D-DB264124BBDD}.Release|Any CPU.ActiveCfg = Release|Any CPU
		{07511E59-9C06-4D89-804D-DB264124BBDD}.Release|Any CPU.Build.0 = Release|Any CPU
		{00774E53-5EA0-4F96-909E-D1CA46D7355E}.Debug|Any CPU.ActiveCfg = Debug|Any CPU
		{00774E53-5EA0-4F96-909E-D1CA46D7355E}.Debug|Any CPU.Build.0 = Debug|Any CPU
		{00774E53-5EA0-4F96-909E-D1CA46D7355E}.Release|Any CPU.ActiveCfg = Release|Any CPU
		{00774E53-5EA0-4F96-909E-D1CA46D7355E}.Release|Any CPU.Build.0 = Release|Any CPU
		{DA3EA9C5-49B7-4558-B9E4-FA445690CDA0}.Debug|Any CPU.ActiveCfg = Debug|Any CPU
		{DA3EA9C5-49B7-4558-B9E4-FA445690CDA0}.Debug|Any CPU.Build.0 = Debug|Any CPU
		{DA3EA9C5-49B7-4558-B9E4-FA445690CDA0}.Release|Any CPU.ActiveCfg = Release|Any CPU
		{DA3EA9C5-49B7-4558-B9E4-FA445690CDA0}.Release|Any CPU.Build.0 = Release|Any CPU
		{370B2C65-0A66-49E0-8ABC-25CAF368C5E7}.Debug|Any CPU.ActiveCfg = Debug|Any CPU
		{370B2C65-0A66-49E0-8ABC-25CAF368C5E7}.Debug|Any CPU.Build.0 = Debug|Any CPU
		{370B2C65-0A66-49E0-8ABC-25CAF368C5E7}.Release|Any CPU.ActiveCfg = Release|Any CPU
		{370B2C65-0A66-49E0-8ABC-25CAF368C5E7}.Release|Any CPU.Build.0 = Release|Any CPU
		{0A38FF10-D0E1-4931-918A-2ED69B64B680}.Debug|Any CPU.ActiveCfg = Debug|Any CPU
		{0A38FF10-D0E1-4931-918A-2ED69B64B680}.Debug|Any CPU.Build.0 = Debug|Any CPU
		{0A38FF10-D0E1-4931-918A-2ED69B64B680}.Release|Any CPU.ActiveCfg = Release|Any CPU
		{0A38FF10-D0E1-4931-918A-2ED69B64B680}.Release|Any CPU.Build.0 = Release|Any CPU
		{CCA1E81A-1D69-402A-BD4E-DC66E10C5966}.Debug|Any CPU.ActiveCfg = Debug|Any CPU
		{CCA1E81A-1D69-402A-BD4E-DC66E10C5966}.Debug|Any CPU.Build.0 = Debug|Any CPU
		{CCA1E81A-1D69-402A-BD4E-DC66E10C5966}.Release|Any CPU.ActiveCfg = Release|Any CPU
		{CCA1E81A-1D69-402A-BD4E-DC66E10C5966}.Release|Any CPU.Build.0 = Release|Any CPU
		{C73EEFF0-BB6F-44A1-BD2F-A0001E8E8054}.Debug|Any CPU.ActiveCfg = Debug|Any CPU
		{C73EEFF0-BB6F-44A1-BD2F-A0001E8E8054}.Debug|Any CPU.Build.0 = Debug|Any CPU
		{C73EEFF0-BB6F-44A1-BD2F-A0001E8E8054}.Release|Any CPU.ActiveCfg = Release|Any CPU
		{C73EEFF0-BB6F-44A1-BD2F-A0001E8E8054}.Release|Any CPU.Build.0 = Release|Any CPU
		{B70EF448-844C-4BD8-AD39-C425B554AB7E}.Debug|Any CPU.ActiveCfg = Debug|Any CPU
		{B70EF448-844C-4BD8-AD39-C425B554AB7E}.Debug|Any CPU.Build.0 = Debug|Any CPU
		{B70EF448-844C-4BD8-AD39-C425B554AB7E}.Release|Any CPU.ActiveCfg = Release|Any CPU
		{B70EF448-844C-4BD8-AD39-C425B554AB7E}.Release|Any CPU.Build.0 = Release|Any CPU
		{E08B4644-602C-42F3-AFD8-E2D214F5905F}.Debug|Any CPU.ActiveCfg = Debug|Any CPU
		{E08B4644-602C-42F3-AFD8-E2D214F5905F}.Debug|Any CPU.Build.0 = Debug|Any CPU
		{E08B4644-602C-42F3-AFD8-E2D214F5905F}.Release|Any CPU.ActiveCfg = Release|Any CPU
		{E08B4644-602C-42F3-AFD8-E2D214F5905F}.Release|Any CPU.Build.0 = Release|Any CPU
		{274BA6B7-1740-4B40-9A8B-BD044AE5B7CB}.Debug|Any CPU.ActiveCfg = Debug|Any CPU
		{274BA6B7-1740-4B40-9A8B-BD044AE5B7CB}.Debug|Any CPU.Build.0 = Debug|Any CPU
		{274BA6B7-1740-4B40-9A8B-BD044AE5B7CB}.Release|Any CPU.ActiveCfg = Release|Any CPU
		{274BA6B7-1740-4B40-9A8B-BD044AE5B7CB}.Release|Any CPU.Build.0 = Release|Any CPU
		{B8758182-0A06-4D46-BB1C-959B52D42839}.Debug|Any CPU.ActiveCfg = Debug|Any CPU
		{B8758182-0A06-4D46-BB1C-959B52D42839}.Debug|Any CPU.Build.0 = Debug|Any CPU
		{B8758182-0A06-4D46-BB1C-959B52D42839}.Release|Any CPU.ActiveCfg = Release|Any CPU
		{B8758182-0A06-4D46-BB1C-959B52D42839}.Release|Any CPU.Build.0 = Release|Any CPU
		{258C46A4-A9BE-4179-A57A-69F5EBD43623}.Debug|Any CPU.ActiveCfg = Debug|Any CPU
		{258C46A4-A9BE-4179-A57A-69F5EBD43623}.Debug|Any CPU.Build.0 = Debug|Any CPU
		{258C46A4-A9BE-4179-A57A-69F5EBD43623}.Release|Any CPU.ActiveCfg = Release|Any CPU
		{258C46A4-A9BE-4179-A57A-69F5EBD43623}.Release|Any CPU.Build.0 = Release|Any CPU
		{30AF2CD1-BB2A-44E0-91E8-3948F8551A1C}.Debug|Any CPU.ActiveCfg = Debug|Any CPU
		{30AF2CD1-BB2A-44E0-91E8-3948F8551A1C}.Debug|Any CPU.Build.0 = Debug|Any CPU
		{30AF2CD1-BB2A-44E0-91E8-3948F8551A1C}.Release|Any CPU.ActiveCfg = Release|Any CPU
		{30AF2CD1-BB2A-44E0-91E8-3948F8551A1C}.Release|Any CPU.Build.0 = Release|Any CPU
		{143E4977-E052-46AD-AA65-486347A34936}.Debug|Any CPU.ActiveCfg = Debug|Any CPU
		{143E4977-E052-46AD-AA65-486347A34936}.Debug|Any CPU.Build.0 = Debug|Any CPU
		{143E4977-E052-46AD-AA65-486347A34936}.Release|Any CPU.ActiveCfg = Release|Any CPU
		{143E4977-E052-46AD-AA65-486347A34936}.Release|Any CPU.Build.0 = Release|Any CPU
		{2AEC021F-5307-471F-9BE4-5F40288C4565}.Debug|Any CPU.ActiveCfg = Debug|Any CPU
		{2AEC021F-5307-471F-9BE4-5F40288C4565}.Debug|Any CPU.Build.0 = Debug|Any CPU
		{2AEC021F-5307-471F-9BE4-5F40288C4565}.Release|Any CPU.ActiveCfg = Release|Any CPU
		{2AEC021F-5307-471F-9BE4-5F40288C4565}.Release|Any CPU.Build.0 = Release|Any CPU
		{90B6CFB1-6783-4531-94B6-E77B09F424B3}.Debug|Any CPU.ActiveCfg = Debug|Any CPU
		{90B6CFB1-6783-4531-94B6-E77B09F424B3}.Debug|Any CPU.Build.0 = Debug|Any CPU
		{90B6CFB1-6783-4531-94B6-E77B09F424B3}.Release|Any CPU.ActiveCfg = Release|Any CPU
		{90B6CFB1-6783-4531-94B6-E77B09F424B3}.Release|Any CPU.Build.0 = Release|Any CPU
		{644F1182-768E-42EF-A815-9A713E9DC5A9}.Debug|Any CPU.ActiveCfg = Debug|Any CPU
		{644F1182-768E-42EF-A815-9A713E9DC5A9}.Debug|Any CPU.Build.0 = Debug|Any CPU
		{644F1182-768E-42EF-A815-9A713E9DC5A9}.Release|Any CPU.ActiveCfg = Release|Any CPU
		{644F1182-768E-42EF-A815-9A713E9DC5A9}.Release|Any CPU.Build.0 = Release|Any CPU
		{AF773A84-D190-4E0A-905A-AB9B62570CA0}.Debug|Any CPU.ActiveCfg = Debug|Any CPU
		{AF773A84-D190-4E0A-905A-AB9B62570CA0}.Debug|Any CPU.Build.0 = Debug|Any CPU
		{AF773A84-D190-4E0A-905A-AB9B62570CA0}.Release|Any CPU.ActiveCfg = Release|Any CPU
		{AF773A84-D190-4E0A-905A-AB9B62570CA0}.Release|Any CPU.Build.0 = Release|Any CPU
		{CB8DC7F2-FEC1-4414-A79B-E2E4ACF5ED59}.Debug|Any CPU.ActiveCfg = Debug|Any CPU
		{CB8DC7F2-FEC1-4414-A79B-E2E4ACF5ED59}.Debug|Any CPU.Build.0 = Debug|Any CPU
		{CB8DC7F2-FEC1-4414-A79B-E2E4ACF5ED59}.Release|Any CPU.ActiveCfg = Release|Any CPU
		{CB8DC7F2-FEC1-4414-A79B-E2E4ACF5ED59}.Release|Any CPU.Build.0 = Release|Any CPU
		{0CE96C8B-026B-4B45-9588-4A6E47717979}.Debug|Any CPU.ActiveCfg = Debug|Any CPU
		{0CE96C8B-026B-4B45-9588-4A6E47717979}.Debug|Any CPU.Build.0 = Debug|Any CPU
		{0CE96C8B-026B-4B45-9588-4A6E47717979}.Release|Any CPU.ActiveCfg = Release|Any CPU
		{0CE96C8B-026B-4B45-9588-4A6E47717979}.Release|Any CPU.Build.0 = Release|Any CPU
	EndGlobalSection
	GlobalSection(SolutionProperties) = preSolution
		HideSolutionNode = FALSE
	EndGlobalSection
	GlobalSection(NestedProjects) = preSolution
		{07511E59-9C06-4D89-804D-DB264124BBDD} = {DDB4EF12-CC4E-5E88-E6FC-71A802F4DE97}
		{00774E53-5EA0-4F96-909E-D1CA46D7355E} = {3D4D32A8-BC77-4952-9EE9-32188DF4AE76}
		{1331CC5F-4065-467B-B614-095BAAFED0EC} = {3D4D32A8-BC77-4952-9EE9-32188DF4AE76}
		{DA3EA9C5-49B7-4558-B9E4-FA445690CDA0} = {1331CC5F-4065-467B-B614-095BAAFED0EC}
		{370B2C65-0A66-49E0-8ABC-25CAF368C5E7} = {1331CC5F-4065-467B-B614-095BAAFED0EC}
		{28F8D206-1353-46B0-84E8-31219ECC813F} = {3D4D32A8-BC77-4952-9EE9-32188DF4AE76}
		{0A38FF10-D0E1-4931-918A-2ED69B64B680} = {1B249153-57CF-4CC3-9DEE-43FCDDFF2805}
		{CCA1E81A-1D69-402A-BD4E-DC66E10C5966} = {1B249153-57CF-4CC3-9DEE-43FCDDFF2805}
		{34EE4CF9-E01B-4511-BFDD-F8EADDCF69C4} = {3D4D32A8-BC77-4952-9EE9-32188DF4AE76}
		{C73EEFF0-BB6F-44A1-BD2F-A0001E8E8054} = {34EE4CF9-E01B-4511-BFDD-F8EADDCF69C4}
		{B70EF448-844C-4BD8-AD39-C425B554AB7E} = {1331CC5F-4065-467B-B614-095BAAFED0EC}
		{E08B4644-602C-42F3-AFD8-E2D214F5905F} = {5FBCE403-BA59-4DC0-8E96-40329CDB4259}
		{A54D696B-1D9E-46A2-98BD-C4F2281A4B9B} = {5FBCE403-BA59-4DC0-8E96-40329CDB4259}
		{274BA6B7-1740-4B40-9A8B-BD044AE5B7CB} = {A54D696B-1D9E-46A2-98BD-C4F2281A4B9B}
		{B8758182-0A06-4D46-BB1C-959B52D42839} = {5FBCE403-BA59-4DC0-8E96-40329CDB4259}
		{258C46A4-A9BE-4179-A57A-69F5EBD43623} = {A54D696B-1D9E-46A2-98BD-C4F2281A4B9B}
		{30AF2CD1-BB2A-44E0-91E8-3948F8551A1C} = {A3C8B697-1517-4198-8BEF-D3BF9108EC83}
		{F13F85D6-8E14-4CFD-8D5D-996439EA6ED2} = {A3C8B697-1517-4198-8BEF-D3BF9108EC83}
		{143E4977-E052-46AD-AA65-486347A34936} = {F13F85D6-8E14-4CFD-8D5D-996439EA6ED2}
		{2AEC021F-5307-471F-9BE4-5F40288C4565} = {F13F85D6-8E14-4CFD-8D5D-996439EA6ED2}
		{90B6CFB1-6783-4531-94B6-E77B09F424B3} = {2DF8221F-00D8-4CFB-9A02-FA28BD4DDB69}
		{8D396357-2FBF-4500-BEA8-D6D39D1F9828} = {8DE27799-5AB0-4539-A278-2F224C142868}
		{644F1182-768E-42EF-A815-9A713E9DC5A9} = {8D396357-2FBF-4500-BEA8-D6D39D1F9828}
		{AF773A84-D190-4E0A-905A-AB9B62570CA0} = {8DE27799-5AB0-4539-A278-2F224C142868}
		{CB8DC7F2-FEC1-4414-A79B-E2E4ACF5ED59} = {8DE27799-5AB0-4539-A278-2F224C142868}
		{0CE96C8B-026B-4B45-9588-4A6E47717979} = {8D396357-2FBF-4500-BEA8-D6D39D1F9828}
	EndGlobalSection
	GlobalSection(ExtensibilityGlobals) = postSolution
		SolutionGuid = {E3623E5F-224E-4120-A814-B13828C46263}
	EndGlobalSection
EndGlobal
